{
  "lockfile_version": "1",
  "packages": {
    "github:NixOS/nixpkgs/nixpkgs-unstable": {
      "resolved": "github:NixOS/nixpkgs/b2b0718004cc9a5bca610326de0a82e6ea75920b?lastModified=1744096231&narHash=sha256-kUfx3FKU1Etnua3EaKvpeuXs7zoFiAcli1gBwkPvGSs%3D"
    },
    "python@latest": {
      "last_modified": "2025-03-11T17:52:14Z",
      "plugin_version": "0.0.4",
      "resolved": "github:NixOS/nixpkgs/0d534853a55b5d02a4ababa1d71921ce8f0aee4c#python313",
      "source": "devbox-search",
      "version": "3.13.2",
      "systems": {
        "aarch64-darwin": {
          "outputs": [
            {
              "name": "out",
              "path": "/nix/store/c8k24sfwckindjhdxak6z3dhn8w4anx2-python3-3.13.2",
              "default": true
            }
          ],
          "store_path": "/nix/store/c8k24sfwckindjhdxak6z3dhn8w4anx2-python3-3.13.2"
        },
        "aarch64-linux": {
          "outputs": [
            {
              "name": "out",
              "path": "/nix/store/jsqky488530ax8hdaz5ckldxq9y6qr3k-python3-3.13.2",
              "default": true
            },
            {
              "name": "debug",
              "path": "/nix/store/fwwjmw2yddxxm6aj51r16v0ffp77zvk1-python3-3.13.2-debug"
            }
          ],
          "store_path": "/nix/store/jsqky488530ax8hdaz5ckldxq9y6qr3k-python3-3.13.2"
        },
        "x86_64-darwin": {
          "outputs": [
            {
              "name": "out",
              "path": "/nix/store/wjxlppca1s14xzw5iz608qpywyl5mcdw-python3-3.13.2",
              "default": true
            }
          ],
          "store_path": "/nix/store/wjxlppca1s14xzw5iz608qpywyl5mcdw-python3-3.13.2"
        },
        "x86_64-linux": {
          "outputs": [
            {
              "name": "out",
              "path": "/nix/store/njpnqszjaj6k38cp4466ygn74n392xy1-python3-3.13.2",
              "default": true
            },
            {
              "name": "debug",
              "path": "/nix/store/ixcc4jnj3byz0hg943wadfy1phxkmmgg-python3-3.13.2-debug"
            }
          ],
          "store_path": "/nix/store/njpnqszjaj6k38cp4466ygn74n392xy1-python3-3.13.2"
        }
      }
    }
  }
}
